// !$*UTF8*$!
{
	archiveVersion = 1;
	classes = {
	};
	objectVersion = 77;
	objects = {

/* Begin PBXContainerItemProxy section */
		EBCDEB5B2E603F7C00CB5938 /* PBXContainerItemProxy */ = {
			isa = PBXContainerItemProxy;
			containerPortal = EBCDEB412E603F7B00CB5938 /* Project object */;
			proxyType = 1;
			remoteGlobalIDString = EBCDEB482E603F7B00CB5938;
			remoteInfo = SwiftWebRTC;
		};
		EBCDEB652E603F7C00CB5938 /* PBXContainerItemProxy */ = {
			isa = PBXContainerItemProxy;
			containerPortal = EBCDEB412E603F7B00CB5938 /* Project object */;
			proxyType = 1;
			remoteGlobalIDString = EBCDEB482E603F7B00CB5938;
			remoteInfo = SwiftWebRTC;
		};
/* End PBXContainerItemProxy section */

/* Begin PBXFileReference section */
		EBCDEB492E603F7B00CB5938 /* SwiftWebRTC.app */ = {isa = PBXFileReference; explicitFileType = wrapper.application; includeInIndex = 0; path = SwiftWebRTC.app; sourceTree = BUILT_PRODUCTS_DIR; };
		EBCDEB5A2E603F7C00CB5938 /* SwiftWebRTCTests.xctest */ = {isa = PBXFileReference; explicitFileType = wrapper.cfbundle; includeInIndex = 0; path = SwiftWebRTCTests.xctest; sourceTree = BUILT_PRODUCTS_DIR; };
		EBCDEB642E603F7C00CB5938 /* SwiftWebRTCUITests.xctest */ = {isa = PBXFileReference; explicitFileType = wrapper.cfbundle; includeInIndex = 0; path = SwiftWebRTCUITests.xctest; sourceTree = BUILT_PRODUCTS_DIR; };
/* End PBXFileReference section */

/* Begin PBXFileSystemSynchronizedRootGroup section */
		EBCDEB4B2E603F7B00CB5938 /* SwiftWebRTC */ = {
			isa = PBXFileSystemSynchronizedRootGroup;
			path = SwiftWebRTC;
			sourceTree = "<group>";
		};
		EBCDEB5D2E603F7C00CB5938 /* SwiftWebRTCTests */ = {
			isa = PBXFileSystemSynchronizedRootGroup;
			path = SwiftWebRTCTests;
			sourceTree = "<group>";
		};
		EBCDEB672E603F7C00CB5938 /* SwiftWebRTCUITests */ = {
			isa = PBXFileSystemSynchronizedRootGroup;
			path = SwiftWebRTCUITests;
			sourceTree = "<group>";
		};
/* End PBXFileSystemSynchronizedRootGroup section */

/* Begin PBXFrameworksBuildPhase section */
		EBCDEB462E603F7B00CB5938 /* Frameworks */ = {
			isa = PBXFrameworksBuildPhase;
			buildActionMask = 2147483647;
			files = (
			);
			runOnlyForDeploymentPostprocessing = 0;
		};
		EBCDEB572E603F7C00CB5938 /* Frameworks */ = {
			isa = PBXFrameworksBuildPhase;
			buildActionMask = 2147483647;
			files = (
			);
			runOnlyForDeploymentPostprocessing = 0;
		};
		EBCDEB612E603F7C00CB5938 /* Frameworks */ = {
			isa = PBXFrameworksBuildPhase;
			buildActionMask = 2147483647;
			files = (
			);
			runOnlyForDeploymentPostprocessing = 0;
		};
/* End PBXFrameworksBuildPhase section */

/* Begin PBXGroup section */
		EBCDEB402E603F7B00CB5938 = {
			isa = PBXGroup;
			children = (
				EBCDEB4B2E603F7B00CB5938 /* SwiftWebRTC */,
				EBCDEB5D2E603F7C00CB5938 /* SwiftWebRTCTests */,
				EBCDEB672E603F7C00CB5938 /* SwiftWebRTCUITests */,
				EBCDEB4A2E603F7B00CB5938 /* Products */,
			);
			sourceTree = "<group>";
		};
		EBCDEB4A2E603F7B00CB5938 /* Products */ = {
			isa = PBXGroup;
			children = (
				EBCDEB492E603F7B00CB5938 /* SwiftWebRTC.app */,
				EBCDEB5A2E603F7C00CB5938 /* SwiftWebRTCTests.xctest */,
				EBCDEB642E603F7C00CB5938 /* SwiftWebRTCUITests.xctest */,
			);
			name = Products;
			sourceTree = "<group>";
		};
/* End PBXGroup section */

/* Begin PBXNativeTarget section */
		EBCDEB482E603F7B00CB5938 /* SwiftWebRTC */ = {
			isa = PBXNativeTarget;
			buildConfigurationList = EBCDEB6E2E603F7C00CB5938 /* Build configuration list for PBXNativeTarget "SwiftWebRTC" */;
			buildPhases = (
				EB15CBB22E60483A005FE935 /* ShellScript */,
				EBCDEB452E603F7B00CB5938 /* Sources */,
				EBCDEB462E603F7B00CB5938 /* Frameworks */,
				EBCDEB472E603F7B00CB5938 /* Resources */,
			);
			buildRules = (
			);
			dependencies = (
			);
			fileSystemSynchronizedGroups = (
				EBCDEB4B2E603F7B00CB5938 /* SwiftWebRTC */,
			);
			name = SwiftWebRTC;
			packageProductDependencies = (
			);
			productName = SwiftWebRTC;
			productReference = EBCDEB492E603F7B00CB5938 /* SwiftWebRTC.app */;
			productType = "com.apple.product-type.application";
		};
		EBCDEB592E603F7C00CB5938 /* SwiftWebRTCTests */ = {
			isa = PBXNativeTarget;
			buildConfigurationList = EBCDEB712E603F7C00CB5938 /* Build configuration list for PBXNativeTarget "SwiftWebRTCTests" */;
			buildPhases = (
				EBCDEB562E603F7C00CB5938 /* Sources */,
				EBCDEB572E603F7C00CB5938 /* Frameworks */,
				EBCDEB582E603F7C00CB5938 /* Resources */,
			);
			buildRules = (
			);
			dependencies = (
				EBCDEB5C2E603F7C00CB5938 /* PBXTargetDependency */,
			);
			fileSystemSynchronizedGroups = (
				EBCDEB5D2E603F7C00CB5938 /* SwiftWebRTCTests */,
			);
			name = SwiftWebRTCTests;
			packageProductDependencies = (
			);
			productName = SwiftWebRTCTests;
			productReference = EBCDEB5A2E603F7C00CB5938 /* SwiftWebRTCTests.xctest */;
			productType = "com.apple.product-type.bundle.unit-test";
		};
		EBCDEB632E603F7C00CB5938 /* SwiftWebRTCUITests */ = {
			isa = PBXNativeTarget;
			buildConfigurationList = EBCDEB742E603F7C00CB5938 /* Build configuration list for PBXNativeTarget "SwiftWebRTCUITests" */;
			buildPhases = (
				EBCDEB602E603F7C00CB5938 /* Sources */,
				EBCDEB612E603F7C00CB5938 /* Frameworks */,
				EBCDEB622E603F7C00CB5938 /* Resources */,
			);
			buildRules = (
			);
			dependencies = (
				EBCDEB662E603F7C00CB5938 /* PBXTargetDependency */,
			);
			fileSystemSynchronizedGroups = (
				EBCDEB672E603F7C00CB5938 /* SwiftWebRTCUITests */,
			);
			name = SwiftWebRTCUITests;
			packageProductDependencies = (
			);
			productName = SwiftWebRTCUITests;
			productReference = EBCDEB642E603F7C00CB5938 /* SwiftWebRTCUITests.xctest */;
			productType = "com.apple.product-type.bundle.ui-testing";
		};
/* End PBXNativeTarget section */

/* Begin PBXProject section */
		EBCDEB412E603F7B00CB5938 /* Project object */ = {
			isa = PBXProject;
			attributes = {
				BuildIndependentTargetsInParallel = 1;
				LastSwiftUpdateCheck = 1610;
				LastUpgradeCheck = 1610;
				TargetAttributes = {
					EBCDEB482E603F7B00CB5938 = {
						CreatedOnToolsVersion = 16.1;
					};
					EBCDEB592E603F7C00CB5938 = {
						CreatedOnToolsVersion = 16.1;
						TestTargetID = EBCDEB482E603F7B00CB5938;
					};
					EBCDEB632E603F7C00CB5938 = {
						CreatedOnToolsVersion = 16.1;
						TestTargetID = EBCDEB482E603F7B00CB5938;
					};
				};
			};
			buildConfigurationList = EBCDEB442E603F7B00CB5938 /* Build configuration list for PBXProject "SwiftWebRTC" */;
			developmentRegion = en;
			hasScannedForEncodings = 0;
			knownRegions = (
				en,
				Base,
			);
			mainGroup = EBCDEB402E603F7B00CB5938;
			minimizedProjectReferenceProxies = 1;
			preferredProjectObjectVersion = 77;
			productRefGroup = EBCDEB4A2E603F7B00CB5938 /* Products */;
			projectDirPath = "";
			projectRoot = "";
			targets = (
				EBCDEB482E603F7B00CB5938 /* SwiftWebRTC */,
				EBCDEB592E603F7C00CB5938 /* SwiftWebRTCTests */,
				EBCDEB632E603F7C00CB5938 /* SwiftWebRTCUITests */,
			);
		};
/* End PBXProject section */

/* Begin PBXResourcesBuildPhase section */
		EBCDEB472E603F7B00CB5938 /* Resources */ = {
			isa = PBXResourcesBuildPhase;
			buildActionMask = 2147483647;
			files = (
			);
			runOnlyForDeploymentPostprocessing = 0;
		};
		EBCDEB582E603F7C00CB5938 /* Resources */ = {
			isa = PBXResourcesBuildPhase;
			buildActionMask = 2147483647;
			files = (
			);
			runOnlyForDeploymentPostprocessing = 0;
		};
		EBCDEB622E603F7C00CB5938 /* Resources */ = {
			isa = PBXResourcesBuildPhase;
			buildActionMask = 2147483647;
			files = (
			);
			runOnlyForDeploymentPostprocessing = 0;
		};
/* End PBXResourcesBuildPhase section */

/* Begin PBXShellScriptBuildPhase section */
		EB15CBB22E60483A005FE935 /* ShellScript */ = {
			isa = PBXShellScriptBuildPhase;
			alwaysOutOfDate = 1;
			buildActionMask = 2147483647;
			files = (
			);
			inputFileListPaths = (
			);
			inputPaths = (
			);
			outputFileListPaths = (
			);
			outputPaths = (
			);
			runOnlyForDeploymentPostprocessing = 0;
			shellPath = /bin/sh;
			shellScript = "#!/bin/bash\nset -e\nexport PATH=\"$PATH:$HOME/.cargo/bin\"\ncd \"$SRCROOT/rust-fib\"\n\nif [ \"$PLATFORM_NAME\" = \"iphoneos\" ]; then\n    cargo build --release --target aarch64-apple-ios\n    cp target/aarch64-apple-ios/release/librust_fib.a target/release/\nelif [ \"$PLATFORM_NAME\" = \"iphonesimulator\" ]; then\n    cargo build --release --target aarch64-apple-ios-sim\n    cp target/aarch64-apple-ios-sim/release/librust_fib.a target/release/\nelse\n    cargo build --release\nfi\n";
			showEnvVarsInLog = 0;
		};
/* End PBXShellScriptBuildPhase section */

/* Begin PBXSourcesBuildPhase section */
		EBCDEB452E603F7B00CB5938 /* Sources */ = {
			isa = PBXSourcesBuildPhase;
			buildActionMask = 2147483647;
			files = (
			);
			runOnlyForDeploymentPostprocessing = 0;
		};
		EBCDEB562E603F7C00CB5938 /* Sources */ = {
			isa = PBXSourcesBuildPhase;
			buildActionMask = 2147483647;
			files = (
			);
			runOnlyForDeploymentPostprocessing = 0;
		};
		EBCDEB602E603F7C00CB5938 /* Sources */ = {
			isa = PBXSourcesBuildPhase;
			buildActionMask = 2147483647;
			files = (
			);
			runOnlyForDeploymentPostprocessing = 0;
		};
/* End PBXSourcesBuildPhase section */

/* Begin PBXTargetDependency section */
		EBCDEB5C2E603F7C00CB5938 /* PBXTargetDependency */ = {
			isa = PBXTargetDependency;
			target = EBCDEB482E603F7B00CB5938 /* SwiftWebRTC */;
			targetProxy = EBCDEB5B2E603F7C00CB5938 /* PBXContainerItemProxy */;
		};
		EBCDEB662E603F7C00CB5938 /* PBXTargetDependency */ = {
			isa = PBXTargetDependency;
			target = EBCDEB482E603F7B00CB5938 /* SwiftWebRTC */;
			targetProxy = EBCDEB652E603F7C00CB5938 /* PBXContainerItemProxy */;
		};
/* End PBXTargetDependency section */

/* Begin XCBuildConfiguration section */
		EBCDEB6C2E603F7C00CB5938 /* Debug */ = {
			isa = XCBuildConfiguration;
			buildSettings = {
				ALWAYS_SEARCH_USER_PATHS = NO;
				ASSETCATALOG_COMPILER_GENERATE_SWIFT_ASSET_SYMBOL_EXTENSIONS = YES;
				CLANG_ANALYZER_NONNULL = YES;
				CLANG_ANALYZER_NUMBER_OBJECT_CONVERSION = YES_AGGRESSIVE;
				CLANG_CXX_LANGUAGE_STANDARD = "gnu++20";
				CLANG_ENABLE_MODULES = YES;
				CLANG_ENABLE_OBJC_ARC = YES;
				CLANG_ENABLE_OBJC_WEAK = YES;
				CLANG_WARN_BLOCK_CAPTURE_AUTORELEASING = YES;
				CLANG_WARN_BOOL_CONVERSION = YES;
				CLANG_WARN_COMMA = YES;
				CLANG_WARN_CONSTANT_CONVERSION = YES;
				CLANG_WARN_DEPRECATED_OBJC_IMPLEMENTATIONS = YES;
				CLANG_WARN_DIRECT_OBJC_ISA_USAGE = YES_ERROR;
				CLANG_WARN_DOCUMENTATION_COMMENTS = YES;
				CLANG_WARN_EMPTY_BODY = YES;
				CLANG_WARN_ENUM_CONVERSION = YES;
				CLANG_WARN_INFINITE_RECURSION = YES;
				CLANG_WARN_INT_CONVERSION = YES;
				CLANG_WARN_NON_LITERAL_NULL_CONVERSION = YES;
				CLANG_WARN_OBJC_IMPLICIT_RETAIN_SELF = YES;
				CLANG_WARN_OBJC_LITERAL_CONVERSION = YES;
				CLANG_WARN_OBJC_ROOT_CLASS = YES_ERROR;
				CLANG_WARN_QUOTED_INCLUDE_IN_FRAMEWORK_HEADER = YES;
				CLANG_WARN_RANGE_LOOP_ANALYSIS = YES;
				CLANG_WARN_STRICT_PROTOTYPES = YES;
				CLANG_WARN_SUSPICIOUS_MOVE = YES;
				CLANG_WARN_UNGUARDED_AVAILABILITY = YES_AGGRESSIVE;
				CLANG_WARN_UNREACHABLE_CODE = YES;
				CLANG_WARN__DUPLICATE_METHOD_MATCH = YES;
				COPY_PHASE_STRIP = NO;
				DEBUG_INFORMATION_FORMAT = dwarf;
				ENABLE_STRICT_OBJC_MSGSEND = YES;
				ENABLE_TESTABILITY = YES;
				ENABLE_USER_SCRIPT_SANDBOXING = NO;
				GCC_C_LANGUAGE_STANDARD = gnu17;
				GCC_DYNAMIC_NO_PIC = NO;
				GCC_NO_COMMON_BLOCKS = YES;
				GCC_OPTIMIZATION_LEVEL = 0;
				GCC_PREPROCESSOR_DEFINITIONS = (
					"DEBUG=1",
					"$(inherited)",
				);
				GCC_WARN_64_TO_32_BIT_CONVERSION = YES;
				GCC_WARN_ABOUT_RETURN_TYPE = YES_ERROR;
				GCC_WARN_UNDECLARED_SELECTOR = YES;
				GCC_WARN_UNINITIALIZED_AUTOS = YES_AGGRESSIVE;
				GCC_WARN_UNUSED_FUNCTION = YES;
				GCC_WARN_UNUSED_VARIABLE = YES;
				LOCALIZATION_PREFERS_STRING_CATALOGS = YES;
				MTL_ENABLE_DEBUG_INFO = INCLUDE_SOURCE;
				MTL_FAST_MATH = YES;
				ONLY_ACTIVE_ARCH = YES;
				SWIFT_ACTIVE_COMPILATION_CONDITIONS = "DEBUG $(inherited)";
				SWIFT_OPTIMIZATION_LEVEL = "-Onone";
			};
			name = Debug;
		};
		EBCDEB6D2E603F7C00CB5938 /* Release */ = {
			isa = XCBuildConfiguration;
			buildSettings = {
				ALWAYS_SEARCH_USER_PATHS = NO;
				ASSETCATALOG_COMPILER_GENERATE_SWIFT_ASSET_SYMBOL_EXTENSIONS = YES;
				CLANG_ANALYZER_NONNULL = YES;
				CLANG_ANALYZER_NUMBER_OBJECT_CONVERSION = YES_AGGRESSIVE;
				CLANG_CXX_LANGUAGE_STANDARD = "gnu++20";
				CLANG_ENABLE_MODULES = YES;
				CLANG_ENABLE_OBJC_ARC = YES;
				CLANG_ENABLE_OBJC_WEAK = YES;
				CLANG_WARN_BLOCK_CAPTURE_AUTORELEASING = YES;
				CLANG_WARN_BOOL_CONVERSION = YES;
				CLANG_WARN_COMMA = YES;
				CLANG_WARN_CONSTANT_CONVERSION = YES;
				CLANG_WARN_DEPRECATED_OBJC_IMPLEMENTATIONS = YES;
				CLANG_WARN_DIRECT_OBJC_ISA_USAGE = YES_ERROR;
				CLANG_WARN_DOCUMENTATION_COMMENTS = YES;
				CLANG_WARN_EMPTY_BODY = YES;
				CLANG_WARN_ENUM_CONVERSION = YES;
				CLANG_WARN_INFINITE_RECURSION = YES;
				CLANG_WARN_INT_CONVERSION = YES;
				CLANG_WARN_NON_LITERAL_NULL_CONVERSION = YES;
				CLANG_WARN_OBJC_IMPLICIT_RETAIN_SELF = YES;
				CLANG_WARN_OBJC_LITERAL_CONVERSION = YES;
				CLANG_WARN_OBJC_ROOT_CLASS = YES_ERROR;
				CLANG_WARN_QUOTED_INCLUDE_IN_FRAMEWORK_HEADER = YES;
				CLANG_WARN_RANGE_LOOP_ANALYSIS = YES;
				CLANG_WARN_STRICT_PROTOTYPES = YES;
				CLANG_WARN_SUSPICIOUS_MOVE = YES;
				CLANG_WARN_UNGUARDED_AVAILABILITY = YES_AGGRESSIVE;
				CLANG_WARN_UNREACHABLE_CODE = YES;
				CLANG_WARN__DUPLICATE_METHOD_MATCH = YES;
				COPY_PHASE_STRIP = NO;
				DEBUG_INFORMATION_FORMAT = "dwarf-with-dsym";
				ENABLE_NS_ASSERTIONS = NO;
				ENABLE_STRICT_OBJC_MSGSEND = YES;
				ENABLE_USER_SCRIPT_SANDBOXING = NO;
				GCC_C_LANGUAGE_STANDARD = gnu17;
				GCC_NO_COMMON_BLOCKS = YES;
				GCC_WARN_64_TO_32_BIT_CONVERSION = YES;
				GCC_WARN_ABOUT_RETURN_TYPE = YES_ERROR;
				GCC_WARN_UNDECLARED_SELECTOR = YES;
				GCC_WARN_UNINITIALIZED_AUTOS = YES_AGGRESSIVE;
				GCC_WARN_UNUSED_FUNCTION = YES;
				GCC_WARN_UNUSED_VARIABLE = YES;
				LOCALIZATION_PREFERS_STRING_CATALOGS = YES;
				MTL_ENABLE_DEBUG_INFO = NO;
				MTL_FAST_MATH = YES;
				SWIFT_COMPILATION_MODE = wholemodule;
			};
			name = Release;
		};
		EBCDEB6F2E603F7C00CB5938 /* Debug */ = {
			isa = XCBuildConfiguration;
			buildSettings = {
				ASSETCATALOG_COMPILER_APPICON_NAME = AppIcon;
				ASSETCATALOG_COMPILER_GLOBAL_ACCENT_COLOR_NAME = AccentColor;
				CODE_SIGN_ALLOW_ENTITLEMENTS_MODIFICATION = YES;
				CODE_SIGN_ENTITLEMENTS = SwiftWebRTC/SwiftWebRTC.entitlements;
				CODE_SIGN_STYLE = Automatic;
				CURRENT_PROJECT_VERSION = 1;
				DEVELOPMENT_ASSET_PATHS = "\"SwiftWebRTC/Preview Content\"";
				DEVELOPMENT_TEAM = WHT74UQB6W;
				ENABLE_HARDENED_RUNTIME = YES;
				ENABLE_PREVIEWS = YES;
				GENERATE_INFOPLIST_FILE = YES;
				"INFOPLIST_KEY_UIApplicationSceneManifest_Generation[sdk=iphoneos*]" = YES;
				"INFOPLIST_KEY_UIApplicationSceneManifest_Generation[sdk=iphonesimulator*]" = YES;
				"INFOPLIST_KEY_UIApplicationSupportsIndirectInputEvents[sdk=iphoneos*]" = YES;
				"INFOPLIST_KEY_UIApplicationSupportsIndirectInputEvents[sdk=iphonesimulator*]" = YES;
				"INFOPLIST_KEY_UILaunchScreen_Generation[sdk=iphoneos*]" = YES;
				"INFOPLIST_KEY_UILaunchScreen_Generation[sdk=iphonesimulator*]" = YES;
				"INFOPLIST_KEY_UIStatusBarStyle[sdk=iphoneos*]" = UIStatusBarStyleDefault;
				"INFOPLIST_KEY_UIStatusBarStyle[sdk=iphonesimulator*]" = UIStatusBarStyleDefault;
				INFOPLIST_KEY_UISupportedInterfaceOrientations_iPad = "UIInterfaceOrientationPortrait UIInterfaceOrientationPortraitUpsideDown UIInterfaceOrientationLandscapeLeft UIInterfaceOrientationLandscapeRight";
				INFOPLIST_KEY_UISupportedInterfaceOrientations_iPhone = "UIInterfaceOrientationPortrait UIInterfaceOrientationLandscapeLeft UIInterfaceOrientationLandscapeRight";
				IPHONEOS_DEPLOYMENT_TARGET = 18.1;
				LD_RUNPATH_SEARCH_PATHS = "@executable_path/Frameworks";
				"LD_RUNPATH_SEARCH_PATHS[sdk=macosx*]" = "@executable_path/../Frameworks";
				LIBRARY_SEARCH_PATHS = (
					"$(inherited)",
					"$(PROJECT_DIR)/SwiftWebRTC",
					"$(SRCROOT)/rust-fib/target/release",
				);
				MACOSX_DEPLOYMENT_TARGET = 15.1;
				MARKETING_VERSION = 1.0;
				OTHER_LDFLAGS = "-lrust_fib";
				PRODUCT_BUNDLE_IDENTIFIER = com.bhargav.SwiftWebRTC;
				PRODUCT_NAME = "$(TARGET_NAME)";
				SDKROOT = auto;
				SUPPORTED_PLATFORMS = "iphoneos iphonesimulator macosx xros xrsimulator";
				SWIFT_EMIT_LOC_STRINGS = YES;
				SWIFT_OBJC_BRIDGING_HEADER = "$(SRCROOT)/SwiftWebRTC-Bridging-Header.h";
				SWIFT_VERSION = 5.0;
				TARGETED_DEVICE_FAMILY = "1,2,7";
				XROS_DEPLOYMENT_TARGET = 2.1;
			};
			name = Debug;
		};
		EBCDEB702E603F7C00CB5938 /* Release */ = {
			isa = XCBuildConfiguration;
			buildSettings = {
				ASSETCATALOG_COMPILER_APPICON_NAME = AppIcon;
				ASSETCATALOG_COMPILER_GLOBAL_ACCENT_COLOR_NAME = AccentColor;
				CODE_SIGN_ALLOW_ENTITLEMENTS_MODIFICATION = YES;
				CODE_SIGN_ENTITLEMENTS = SwiftWebRTC/SwiftWebRTC.entitlements;
				CODE_SIGN_STYLE = Automatic;
				CURRENT_PROJECT_VERSION = 1;
				DEVELOPMENT_ASSET_PATHS = "\"SwiftWebRTC/Preview Content\"";
				DEVELOPMENT_TEAM = WHT74UQB6W;
				ENABLE_HARDENED_RUNTIME = YES;
				ENABLE_PREVIEWS = YES;
				GENERATE_INFOPLIST_FILE = YES;
				"INFOPLIST_KEY_UIApplicationSceneManifest_Generation[sdk=iphoneos*]" = YES;
				"INFOPLIST_KEY_UIApplicationSceneManifest_Generation[sdk=iphonesimulator*]" = YES;
				"INFOPLIST_KEY_UIApplicationSupportsIndirectInputEvents[sdk=iphoneos*]" = YES;
				"INFOPLIST_KEY_UIApplicationSupportsIndirectInputEvents[sdk=iphonesimulator*]" = YES;
				"INFOPLIST_KEY_UILaunchScreen_Generation[sdk=iphoneos*]" = YES;
				"INFOPLIST_KEY_UILaunchScreen_Generation[sdk=iphonesimulator*]" = YES;
				"INFOPLIST_KEY_UIStatusBarStyle[sdk=iphoneos*]" = UIStatusBarStyleDefault;
				"INFOPLIST_KEY_UIStatusBarStyle[sdk=iphonesimulator*]" = UIStatusBarStyleDefault;
				INFOPLIST_KEY_UISupportedInterfaceOrientations_iPad = "UIInterfaceOrientationPortrait UIInterfaceOrientationPortraitUpsideDown UIInterfaceOrientationLandscapeLeft UIInterfaceOrientationLandscapeRight";
				INFOPLIST_KEY_UISupportedInterfaceOrientations_iPhone = "UIInterfaceOrientationPortrait UIInterfaceOrientationLandscapeLeft UIInterfaceOrientationLandscapeRight";
				IPHONEOS_DEPLOYMENT_TARGET = 18.1;
				LD_RUNPATH_SEARCH_PATHS = "@executable_path/Frameworks";
				"LD_RUNPATH_SEARCH_PATHS[sdk=macosx*]" = "@executable_path/../Frameworks";
				LIBRARY_SEARCH_PATHS = (
					"$(inherited)",
					"$(PROJECT_DIR)/SwiftWebRTC",
					"$(SRCROOT)/rust-fib/target/release",
				);
				MACOSX_DEPLOYMENT_TARGET = 15.1;
				MARKETING_VERSION = 1.0;
				OTHER_LDFLAGS = "-lrust_fib";
				PRODUCT_BUNDLE_IDENTIFIER = com.bhargav.SwiftWebRTC;
				PRODUCT_NAME = "$(TARGET_NAME)";
				SDKROOT = auto;
				SUPPORTED_PLATFORMS = "iphoneos iphonesimulator macosx xros xrsimulator";
				SWIFT_EMIT_LOC_STRINGS = YES;
				SWIFT_OBJC_BRIDGING_HEADER = "$(SRCROOT)/SwiftWebRTC-Bridging-Header.h";
				SWIFT_VERSION = 5.0;
				TARGETED_DEVICE_FAMILY = "1,2,7";
				XROS_DEPLOYMENT_TARGET = 2.1;
			};
			name = Release;
		};
		EBCDEB722E603F7C00CB5938 /* Debug */ = {
			isa = XCBuildConfiguration;
			buildSettings = {
				BUNDLE_LOADER = "$(TEST_HOST)";
				CODE_SIGN_STYLE = Automatic;
				CURRENT_PROJECT_VERSION = 1;
				DEVELOPMENT_TEAM = WHT74UQB6W;
				GENERATE_INFOPLIST_FILE = YES;
				IPHONEOS_DEPLOYMENT_TARGET = 18.1;
				MACOSX_DEPLOYMENT_TARGET = 15.1;
				MARKETING_VERSION = 1.0;
				PRODUCT_BUNDLE_IDENTIFIER = com.bhargav.SwiftWebRTCTests;
				PRODUCT_NAME = "$(TARGET_NAME)";
				SDKROOT = auto;
				SUPPORTED_PLATFORMS = "iphoneos iphonesimulator macosx xros xrsimulator";
				SWIFT_EMIT_LOC_STRINGS = NO;
				SWIFT_VERSION = 5.0;
				TARGETED_DEVICE_FAMILY = "1,2,7";
				TEST_HOST = "$(BUILT_PRODUCTS_DIR)/SwiftWebRTC.app/$(BUNDLE_EXECUTABLE_FOLDER_PATH)/SwiftWebRTC";
				XROS_DEPLOYMENT_TARGET = 2.1;
			};
			name = Debug;
		};
		EBCDEB732E603F7C00CB5938 /* Release */ = {
			isa = XCBuildConfiguration;
			buildSettings = {
				BUNDLE_LOADER = "$(TEST_HOST)";
				CODE_SIGN_STYLE = Automatic;
				CURRENT_PROJECT_VERSION = 1;
				DEVELOPMENT_TEAM = WHT74UQB6W;
				GENERATE_INFOPLIST_FILE = YES;
				IPHONEOS_DEPLOYMENT_TARGET = 18.1;
				MACOSX_DEPLOYMENT_TARGET = 15.1;
				MARKETING_VERSION = 1.0;
				PRODUCT_BUNDLE_IDENTIFIER = com.bhargav.SwiftWebRTCTests;
				PRODUCT_NAME = "$(TARGET_NAME)";
				SDKROOT = auto;
				SUPPORTED_PLATFORMS = "iphoneos iphonesimulator macosx xros xrsimulator";
				SWIFT_EMIT_LOC_STRINGS = NO;
				SWIFT_VERSION = 5.0;
				TARGETED_DEVICE_FAMILY = "1,2,7";
				TEST_HOST = "$(BUILT_PRODUCTS_DIR)/SwiftWebRTC.app/$(BUNDLE_EXECUTABLE_FOLDER_PATH)/SwiftWebRTC";
				XROS_DEPLOYMENT_TARGET = 2.1;
			};
			name = Release;
		};
		EBCDEB752E603F7C00CB5938 /* Debug */ = {
			isa = XCBuildConfiguration;
			buildSettings = {
				CODE_SIGN_STYLE = Automatic;
				CURRENT_PROJECT_VERSION = 1;
				DEVELOPMENT_TEAM = WHT74UQB6W;
				GENERATE_INFOPLIST_FILE = YES;
				IPHONEOS_DEPLOYMENT_TARGET = 18.1;
				MACOSX_DEPLOYMENT_TARGET = 15.1;
				MARKETING_VERSION = 1.0;
				PRODUCT_BUNDLE_IDENTIFIER = com.bhargav.SwiftWebRTCUITests;
				PRODUCT_NAME = "$(TARGET_NAME)";
				SDKROOT = auto;
				SUPPORTED_PLATFORMS = "iphoneos iphonesimulator macosx xros xrsimulator";
				SWIFT_EMIT_LOC_STRINGS = NO;
				SWIFT_VERSION = 5.0;
				TARGETED_DEVICE_FAMILY = "1,2,7";
				TEST_TARGET_NAME = SwiftWebRTC;
				XROS_DEPLOYMENT_TARGET = 2.1;
			};
			name = Debug;
		};
		EBCDEB762E603F7C00CB5938 /* Release */ = {
			isa = XCBuildConfiguration;
			buildSettings = {
				CODE_SIGN_STYLE = Automatic;
				CURRENT_PROJECT_VERSION = 1;
				DEVELOPMENT_TEAM = WHT74UQB6W;
				GENERATE_INFOPLIST_FILE = YES;
				IPHONEOS_DEPLOYMENT_TARGET = 18.1;
				MACOSX_DEPLOYMENT_TARGET = 15.1;
				MARKETING_VERSION = 1.0;
				PRODUCT_BUNDLE_IDENTIFIER = com.bhargav.SwiftWebRTCUITests;
				PRODUCT_NAME = "$(TARGET_NAME)";
				SDKROOT = auto;
				SUPPORTED_PLATFORMS = "iphoneos iphonesimulator macosx xros xrsimulator";
				SWIFT_EMIT_LOC_STRINGS = NO;
				SWIFT_VERSION = 5.0;
				TARGETED_DEVICE_FAMILY = "1,2,7";
				TEST_TARGET_NAME = SwiftWebRTC;
				XROS_DEPLOYMENT_TARGET = 2.1;
			};
			name = Release;
		};
/* End XCBuildConfiguration section */

/* Begin XCConfigurationList section */
		EBCDEB442E603F7B00CB5938 /* Build configuration list for PBXProject "SwiftWebRTC" */ = {
			isa = XCConfigurationList;
			buildConfigurations = (
				EBCDEB6C2E603F7C00CB5938 /* Debug */,
				EBCDEB6D2E603F7C00CB5938 /* Release */,
			);
			defaultConfigurationIsVisible = 0;
			defaultConfigurationName = Release;
		};
		EBCDEB6E2E603F7C00CB5938 /* Build configuration list for PBXNativeTarget "SwiftWebRTC" */ = {
			isa = XCConfigurationList;
			buildConfigurations = (
				EBCDEB6F2E603F7C00CB5938 /* Debug */,
				EBCDEB702E603F7C00CB5938 /* Release */,
			);
			defaultConfigurationIsVisible = 0;
			defaultConfigurationName = Release;
		};
		EBCDEB712E603F7C00CB5938 /* Build configuration list for PBXNativeTarget "SwiftWebRTCTests" */ = {
			isa = XCConfigurationList;
			buildConfigurations = (
				EBCDEB722E603F7C00CB5938 /* Debug */,
				EBCDEB732E603F7C00CB5938 /* Release */,
			);
			defaultConfigurationIsVisible = 0;
			defaultConfigurationName = Release;
		};
		EBCDEB742E603F7C00CB5938 /* Build configuration list for PBXNativeTarget "SwiftWebRTCUITests" */ = {
			isa = XCConfigurationList;
			buildConfigurations = (
				EBCDEB752E603F7C00CB5938 /* Debug */,
				EBCDEB762E603F7C00CB5938 /* Release */,
			);
			defaultConfigurationIsVisible = 0;
			defaultConfigurationName = Release;
		};
/* End XCConfigurationList section */
	};
	rootObject = EBCDEB412E603F7B00CB5938 /* Project object */;
}
